
Microsoft Visual Studio Solution File, Format Version 12.00
# Visual Studio 14
VisualStudioVersion = 14.0.25420.1
MinimumVisualStudioVersion = 10.0.40219.1
Project("{FAE04EC0-301F-11D3-BF4B-00C04F79EFBC}") = "Linq_LambadaDemo", "Linq_LambadaDemo\Linq_LambadaDemo.csproj", "{B85D0BCF-78CC-4EE0-9C89-D04C36721512}"
EndProject
Project("{FAE04EC0-301F-11D3-BF4B-00C04F79EFBC}") = "Infratructure", "Infratructure\Infratructure.csproj", "{4F36D925-91D8-4831-B930-34B68BF1E38A}"
EndProject
Global
	GlobalSection(SolutionConfigurationPlatforms) = preSolution
		Debug|Any CPU = Debug|Any CPU
		Release|Any CPU = Release|Any CPU
	EndGlobalSection
	GlobalSection(ProjectConfigurationPlatforms) = postSolution
		{B85D0BCF-78CC-4EE0-9C89-D04C36721512}.Debug|Any CPU.ActiveCfg = Debug|Any CPU
		{B85D0BCF-78CC-4EE0-9C89-D04C36721512}.Debug|Any CPU.Build.0 = Debug|Any CPU
		{B85D0BCF-78CC-4EE0-9C89-D04C36721512}.Release|Any CPU.ActiveCfg = Release|Any CPU
		{B85D0BCF-78CC-4EE0-9C89-D04C36721512}.Release|Any CPU.Build.0 = Release|Any CPU
		{4F36D925-91D8-4831-B930-34B68BF1E38A}.Debug|Any CPU.ActiveCfg = Debug|Any CPU
		{4F36D925-91D8-4831-B930-34B68BF1E38A}.Debug|Any CPU.Build.0 = Debug|Any CPU
		{4F36D925-91D8-4831-B930-34B68BF1E38A}.Release|Any CPU.ActiveCfg = Release|Any CPU
		{4F36D925-91D8-4831-B930-34B68BF1E38A}.Release|Any CPU.Build.0 = Release|Any CPU
	EndGlobalSection
	GlobalSection(SolutionProperties) = preSolution
		HideSolutionNode = FALSE
	EndGlobalSection
EndGlobal
